// !$*UTF8*$!
{
	archiveVersion = 1;
	classes = {
	};
	objectVersion = 48;
	objects = {

/* Begin PBXBuildFile section */
		41D42B081FEFBF1900B1CD6E /* AppDelegate.swift in Sources */ = {isa = PBXBuildFile; fileRef = 41D42B071FEFBF1900B1CD6E /* AppDelegate.swift */; };
		41D42B0A1FEFBF1900B1CD6E /* ViewController.swift in Sources */ = {isa = PBXBuildFile; fileRef = 41D42B091FEFBF1900B1CD6E /* ViewController.swift */; };
		41D42B0D1FEFBF1900B1CD6E /* Main.storyboard in Resources */ = {isa = PBXBuildFile; fileRef = 41D42B0B1FEFBF1900B1CD6E /* Main.storyboard */; };
		41D42B0F1FEFBF1900B1CD6E /* Assets.xcassets in Resources */ = {isa = PBXBuildFile; fileRef = 41D42B0E1FEFBF1900B1CD6E /* Assets.xcassets */; };
		41D42B121FEFBF1900B1CD6E /* LaunchScreen.storyboard in Resources */ = {isa = PBXBuildFile; fileRef = 41D42B101FEFBF1900B1CD6E /* LaunchScreen.storyboard */; };
		41D42B1B1FEFC0A600B1CD6E /* FaceView.swift in Sources */ = {isa = PBXBuildFile; fileRef = 41D42B1A1FEFC0A600B1CD6E /* FaceView.swift */; };
		41D42B1D1FEFC3E700B1CD6E /* Default-568h@2x.png in Resources */ = {isa = PBXBuildFile; fileRef = 41D42B1C1FEFC3E700B1CD6E /* Default-568h@2x.png */; };
/* End PBXBuildFile section */

/* Begin PBXFileReference section */
		41D42B041FEFBF1900B1CD6E /* Faceit.app */ = {isa = PBXFileReference; explicitFileType = wrapper.application; includeInIndex = 0; path = Faceit.app; sourceTree = BUILT_PRODUCTS_DIR; };
		41D42B071FEFBF1900B1CD6E /* AppDelegate.swift */ = {isa = PBXFileReference; lastKnownFileType = sourcecode.swift; path = AppDelegate.swift; sourceTree = "<group>"; };
		41D42B091FEFBF1900B1CD6E /* ViewController.swift */ = {isa = PBXFileReference; lastKnownFileType = sourcecode.swift; path = ViewController.swift; sourceTree = "<group>"; };
		41D42B0C1FEFBF1900B1CD6E /* Base */ = {isa = PBXFileReference; lastKnownFileType = file.storyboard; name = Base; path = Base.lproj/Main.storyboard; sourceTree = "<group>"; };
		41D42B0E1FEFBF1900B1CD6E /* Assets.xcassets */ = {isa = PBXFileReference; lastKnownFileType = folder.assetcatalog; path = Assets.xcassets; sourceTree = "<group>"; };
		41D42B111FEFBF1900B1CD6E /* Base */ = {isa = PBXFileReference; lastKnownFileType = file.storyboard; name = Base; path = Base.lproj/LaunchScreen.storyboard; sourceTree = "<group>"; };
		41D42B131FEFBF1900B1CD6E /* Info.plist */ = {isa = PBXFileReference; lastKnownFileType = text.plist.xml; path = Info.plist; sourceTree = "<group>"; };
		41D42B1A1FEFC0A600B1CD6E /* FaceView.swift */ = {isa = PBXFileReference; lastKnownFileType = sourcecode.swift; path = FaceView.swift; sourceTree = "<group>"; };
		41D42B1C1FEFC3E700B1CD6E /* Default-568h@2x.png */ = {isa = PBXFileReference; lastKnownFileType = image.png; path = "Default-568h@2x.png"; sourceTree = "<group>"; };
/* End PBXFileReference section */

/* Begin PBXFrameworksBuildPhase section */
		41D42B011FEFBF1800B1CD6E /* Frameworks */ = {
			isa = PBXFrameworksBuildPhase;
			buildActionMask = 2147483647;
			files = (
			);
			runOnlyForDeploymentPostprocessing = 0;
		};
/* End PBXFrameworksBuildPhase section */

/* Begin PBXGroup section */
		41D42AFB1FEFBF1800B1CD6E = {
			isa = PBXGroup;
			children = (
				41D42B1C1FEFC3E700B1CD6E /* Default-568h@2x.png */,
				41D42B061FEFBF1900B1CD6E /* Faceit */,
				41D42B051FEFBF1900B1CD6E /* Products */,
			);
			sourceTree = "<group>";
		};
		41D42B051FEFBF1900B1CD6E /* Products */ = {
			isa = PBXGroup;
			children = (
				41D42B041FEFBF1900B1CD6E /* Faceit.app */,
			);
			name = Products;
			sourceTree = "<group>";
		};
		41D42B061FEFBF1900B1CD6E /* Faceit */ = {
			isa = PBXGroup;
			children = (
				41D42B131FEFBF1900B1CD6E /* Info.plist */,
				41D42B091FEFBF1900B1CD6E /* ViewController.swift */,
				41D42B1A1FEFC0A600B1CD6E /* FaceView.swift */,
				41D42B0B1FEFBF1900B1CD6E /* Main.storyboard */,
				41D42B191FEFC00C00B1CD6E /* Supporting Files */,
			);
			path = Faceit;
			sourceTree = "<group>";
		};
		41D42B191FEFC00C00B1CD6E /* Supporting Files */ = {
			isa = PBXGroup;
			children = (
				41D42B071FEFBF1900B1CD6E /* AppDelegate.swift */,
				41D42B0E1FEFBF1900B1CD6E /* Assets.xcassets */,
				41D42B101FEFBF1900B1CD6E /* LaunchScreen.storyboard */,
			);
			path = "Supporting Files";
			sourceTree = "<group>";
		};
/* End PBXGroup section */

/* Begin PBXNativeTarget section */
		41D42B031FEFBF1800B1CD6E /* Faceit */ = {
			isa = PBXNativeTarget;
			buildConfigurationList = 41D42B161FEFBF1900B1CD6E /* Build configuration list for PBXNativeTarget "Faceit" */;
			buildPhases = (
				41D42B001FEFBF1800B1CD6E /* Sources */,
				41D42B011FEFBF1800B1CD6E /* Frameworks */,
				41D42B021FEFBF1800B1CD6E /* Resources */,
			);
			buildRules = (
			);
			dependencies = (
			);
			name = Faceit;
			productName = Faceit;
			productReference = 41D42B041FEFBF1900B1CD6E /* Faceit.app */;
			productType = "com.apple.product-type.application";
		};
/* End PBXNativeTarget section */

/* Begin PBXProject section */
		41D42AFC1FEFBF1800B1CD6E /* Project object */ = {
			isa = PBXProject;
			attributes = {
				LastSwiftUpdateCheck = 0920;
				LastUpgradeCheck = 0920;
				ORGANIZATIONNAME = "Adnan Ahmed";
				TargetAttributes = {
					41D42B031FEFBF1800B1CD6E = {
						CreatedOnToolsVersion = 9.2;
						ProvisioningStyle = Automatic;
					};
				};
			};
			buildConfigurationList = 41D42AFF1FEFBF1800B1CD6E /* Build configuration list for PBXProject "Faceit" */;
			compatibilityVersion = "Xcode 8.0";
			developmentRegion = en;
			hasScannedForEncodings = 0;
			knownRegions = (
				en,
				Base,
			);
			mainGroup = 41D42AFB1FEFBF1800B1CD6E;
			productRefGroup = 41D42B051FEFBF1900B1CD6E /* Products */;
			projectDirPath = "";
			projectRoot = "";
			targets = (
				41D42B031FEFBF1800B1CD6E /* Faceit */,
			);
		};
/* End PBXProject section */

/* Begin PBXResourcesBuildPhase section */
		41D42B021FEFBF1800B1CD6E /* Resources */ = {
			isa = PBXResourcesBuildPhase;
			buildActionMask = 2147483647;
			files = (
				41D42B121FEFBF1900B1CD6E /* LaunchScreen.storyboard in Resources */,
				41D42B1D1FEFC3E700B1CD6E /* Default-568h@2x.png in Resources */,
				41D42B0F1FEFBF1900B1CD6E /* Assets.xcassets in Resources */,
				41D42B0D1FEFBF1900B1CD6E /* Main.storyboard in Resources */,
			);
			runOnlyForDeploymentPostprocessing = 0;
		};
/* End PBXResourcesBuildPhase section */

/* Begin PBXSourcesBuildPhase section */
		41D42B001FEFBF1800B1CD6E /* Sources */ = {
			isa = PBXSourcesBuildPhase;
			buildActionMask = 2147483647;
			files = (
				41D42B0A1FEFBF1900B1CD6E /* ViewController.swift in Sources */,
				41D42B081FEFBF1900B1CD6E /* AppDelegate.swift in Sources */,
				41D42B1B1FEFC0A600B1CD6E /* FaceView.swift in Sources */,
			);
			runOnlyForDeploymentPostprocessing = 0;
		};
/* End PBXSourcesBuildPhase section */

/* Begin PBXVariantGroup section */
		41D42B0B1FEFBF1900B1CD6E /* Main.storyboard */ = {
			isa = PBXVariantGroup;
			children = (
				41D42B0C1FEFBF1900B1CD6E /* Base */,
			);
			name = Main.storyboard;
			sourceTree = "<group>";
		};
		41D42B101FEFBF1900B1CD6E /* LaunchScreen.storyboard */ = {
			isa = PBXVariantGroup;
			children = (
				41D42B111FEFBF1900B1CD6E /* Base */,
			);
			name = LaunchScreen.storyboard;
			sourceTree = "<group>";
		};
/* End PBXVariantGroup section */

/* Begin XCBuildConfiguration section */
		41D42B141FEFBF1900B1CD6E /* Debug */ = {
			isa = XCBuildConfiguration;
			buildSettings = {
				ALWAYS_SEARCH_USER_PATHS = NO;
				CLANG_ANALYZER_NONNULL = YES;
				CLANG_ANALYZER_NUMBER_OBJECT_CONVERSION = YES_AGGRESSIVE;
				CLANG_CXX_LANGUAGE_STANDARD = "gnu++14";
				CLANG_CXX_LIBRARY = "libc++";
				CLANG_ENABLE_MODULES = YES;
				CLANG_ENABLE_OBJC_ARC = YES;
				CLANG_WARN_BLOCK_CAPTURE_AUTORELEASING = YES;
				CLANG_WARN_BOOL_CONVERSION = YES;
				CLANG_WARN_COMMA = YES;
				CLANG_WARN_CONSTANT_CONVERSION = YES;
				CLANG_WARN_DIRECT_OBJC_ISA_USAGE = YES_ERROR;
				CLANG_WARN_DOCUMENTATION_COMMENTS = YES;
				CLANG_WARN_EMPTY_BODY = YES;
				CLANG_WARN_ENUM_CONVERSION = YES;
				CLANG_WARN_INFINITE_RECURSION = YES;
				CLANG_WARN_INT_CONVERSION = YES;
				CLANG_WARN_NON_LITERAL_NULL_CONVERSION = YES;
				CLANG_WARN_OBJC_LITERAL_CONVERSION = YES;
				CLANG_WARN_OBJC_ROOT_CLASS = YES_ERROR;
				CLANG_WARN_RANGE_LOOP_ANALYSIS = YES;
				CLANG_WARN_STRICT_PROTOTYPES = YES;
				CLANG_WARN_SUSPICIOUS_MOVE = YES;
				CLANG_WARN_UNGUARDED_AVAILABILITY = YES_AGGRESSIVE;
				CLANG_WARN_UNREACHABLE_CODE = YES;
				CLANG_WARN__DUPLICATE_METHOD_MATCH = YES;
				CODE_SIGN_IDENTITY = "iPhone Developer";
				COPY_PHASE_STRIP = NO;
				DEBUG_INFORMATION_FORMAT = dwarf;
				ENABLE_STRICT_OBJC_MSGSEND = YES;
				ENABLE_TESTABILITY = YES;
				GCC_C_LANGUAGE_STANDARD = gnu11;
				GCC_DYNAMIC_NO_PIC = NO;
				GCC_NO_COMMON_BLOCKS = YES;
				GCC_OPTIMIZATION_LEVEL = 0;
				GCC_PREPROCESSOR_DEFINITIONS = (
					"DEBUG=1",
					"$(inherited)",
				);
				GCC_WARN_64_TO_32_BIT_CONVERSION = YES;
				GCC_WARN_ABOUT_RETURN_TYPE = YES_ERROR;
				GCC_WARN_UNDECLARED_SELECTOR = YES;
				GCC_WARN_UNINITIALIZED_AUTOS = YES_AGGRESSIVE;
				GCC_WARN_UNUSED_FUNCTION = YES;
				GCC_WARN_UNUSED_VARIABLE = YES;
				IPHONEOS_DEPLOYMENT_TARGET = 11.2;
				MTL_ENABLE_DEBUG_INFO = YES;
				ONLY_ACTIVE_ARCH = YES;
				SDKROOT = iphoneos;
				SWIFT_ACTIVE_COMPILATION_CONDITIONS = DEBUG;
				SWIFT_OPTIMIZATION_LEVEL = "-Onone";
			};
			name = Debug;
		};
		41D42B151FEFBF1900B1CD6E /* Release */ = {
			isa = XCBuildConfiguration;
			buildSettings = {
				ALWAYS_SEARCH_USER_PATHS = NO;
				CLANG_ANALYZER_NONNULL = YES;
				CLANG_ANALYZER_NUMBER_OBJECT_CONVERSION = YES_AGGRESSIVE;
				CLANG_CXX_LANGUAGE_STANDARD = "gnu++14";
				CLANG_CXX_LIBRARY = "libc++";
				CLANG_ENABLE_MODULES = YES;
				CLANG_ENABLE_OBJC_ARC = YES;
				CLANG_WARN_BLOCK_CAPTURE_AUTORELEASING = YES;
				CLANG_WARN_BOOL_CONVERSION = YES;
				CLANG_WARN_COMMA = YES;
				CLANG_WARN_CONSTANT_CONVERSION = YES;
				CLANG_WARN_DIRECT_OBJC_ISA_USAGE = YES_ERROR;
				CLANG_WARN_DOCUMENTATION_COMMENTS = YES;
				CLANG_WARN_EMPTY_BODY = YES;
				CLANG_WARN_ENUM_CONVERSION = YES;
				CLANG_WARN_INFINITE_RECURSION = YES;
				CLANG_WARN_INT_CONVERSION = YES;
				CLANG_WARN_NON_LITERAL_NULL_CONVERSION = YES;
				CLANG_WARN_OBJC_LITERAL_CONVERSION = YES;
				CLANG_WARN_OBJC_ROOT_CLASS = YES_ERROR;
				CLANG_WARN_RANGE_LOOP_ANALYSIS = YES;
				CLANG_WARN_STRICT_PROTOTYPES = YES;
				CLANG_WARN_SUSPICIOUS_MOVE = YES;
				CLANG_WARN_UNGUARDED_AVAILABILITY = YES_AGGRESSIVE;
				CLANG_WARN_UNREACHABLE_CODE = YES;
				CLANG_WARN__DUPLICATE_METHOD_MATCH = YES;
				CODE_SIGN_IDENTITY = "iPhone Developer";
				COPY_PHASE_STRIP = NO;
				DEBUG_INFORMATION_FORMAT = "dwarf-with-dsym";
				ENABLE_NS_ASSERTIONS = NO;
				ENABLE_STRICT_OBJC_MSGSEND = YES;
				GCC_C_LANGUAGE_STANDARD = gnu11;
				GCC_NO_COMMON_BLOCKS = YES;
				GCC_WARN_64_TO_32_BIT_CONVERSION = YES;
				GCC_WARN_ABOUT_RETURN_TYPE = YES_ERROR;
				GCC_WARN_UNDECLARED_SELECTOR = YES;
				GCC_WARN_UNINITIALIZED_AUTOS = YES_AGGRESSIVE;
				GCC_WARN_UNUSED_FUNCTION = YES;
				GCC_WARN_UNUSED_VARIABLE = YES;
				IPHONEOS_DEPLOYMENT_TARGET = 11.2;
				MTL_ENABLE_DEBUG_INFO = NO;
				SDKROOT = iphoneos;
				SWIFT_OPTIMIZATION_LEVEL = "-Owholemodule";
				VALIDATE_PRODUCT = YES;
			};
			name = Release;
		};
		41D42B171FEFBF1900B1CD6E /* Debug */ = {
			isa = XCBuildConfiguration;
			buildSettings = {
				ASSETCATALOG_COMPILER_APPICON_NAME = AppIcon;
				CODE_SIGN_STYLE = Automatic;
				DEVELOPMENT_TEAM = QT22WT28QK;
				INFOPLIST_FILE = Faceit/Info.plist;
				LD_RUNPATH_SEARCH_PATHS = "$(inherited) @executable_path/Frameworks";
				PRODUCT_BUNDLE_IDENTIFIER = com.adnanahmed.Faceit;
				PRODUCT_NAME = "$(TARGET_NAME)";
				SWIFT_VERSION = 4.0;
				TARGETED_DEVICE_FAMILY = "1,2";
			};
			name = Debug;
		};
		41D42B181FEFBF1900B1CD6E /* Release */ = {
			isa = XCBuildConfiguration;
			buildSettings = {
				ASSETCATALOG_COMPILER_APPICON_NAME = AppIcon;
				CODE_SIGN_STYLE = Automatic;
				DEVELOPMENT_TEAM = QT22WT28QK;
				INFOPLIST_FILE = Faceit/Info.plist;
				LD_RUNPATH_SEARCH_PATHS = "$(inherited) @executable_path/Frameworks";
				PRODUCT_BUNDLE_IDENTIFIER = com.adnanahmed.Faceit;
				PRODUCT_NAME = "$(TARGET_NAME)";
				SWIFT_VERSION = 4.0;
				TARGETED_DEVICE_FAMILY = "1,2";
			};
			name = Release;
		};
/* End XCBuildConfiguration section */

/* Begin XCConfigurationList section */
		41D42AFF1FEFBF1800B1CD6E /* Build configuration list for PBXProject "Faceit" */ = {
			isa = XCConfigurationList;
			buildConfigurations = (
				41D42B141FEFBF1900B1CD6E /* Debug */,
				41D42B151FEFBF1900B1CD6E /* Release */,
			);
			defaultConfigurationIsVisible = 0;
			defaultConfigurationName = Release;
		};
		41D42B161FEFBF1900B1CD6E /* Build configuration list for PBXNativeTarget "Faceit" */ = {
			isa = XCConfigurationList;
			buildConfigurations = (
				41D42B171FEFBF1900B1CD6E /* Debug */,
				41D42B181FEFBF1900B1CD6E /* Release */,
			);
			defaultConfigurationIsVisible = 0;
			defaultConfigurationName = Release;
		};
/* End XCConfigurationList section */
	};
	rootObject = 41D42AFC1FEFBF1800B1CD6E /* Project object */;
}
